
Microsoft Visual Studio Solution File, Format Version 12.00
# Visual Studio Version 16
VisualStudioVersion = 16.0.30114.105
MinimumVisualStudioVersion = 10.0.40219.1
Project("{2150E333-8FDC-42A3-9474-1A3956D46DE8}") = "src", "src", "{17B9C7A8-D9FD-4379-989F-E53DFEBE216F}"
EndProject
Project("{2150E333-8FDC-42A3-9474-1A3956D46DE8}") = "Catalog", "Catalog", "{B407A35B-CFFD-4981-8964-FCC2C1903FE9}"
EndProject
Project("{9A19103F-16F7-4668-BE54-9A1E7A4F7556}") = "Catalog.API", "src\Catalog\Catalog.API\Catalog.API.csproj", "{438A70C4-1E3F-459F-9599-754DA31E0599}"
EndProject
Project("{E53339B2-1760-4266-BCC7-CA923CBCF16C}") = "docker-compose", "docker-compose.dcproj", "{425142EE-5591-4599-AFDD-3206E0153D16}"
EndProject
Project("{2150E333-8FDC-42A3-9474-1A3956D46DE8}") = "Basket", "Basket", "{010086F0-9990-4FC6-B1B6-D7DBAB7335E7}"
EndProject
Project("{FAE04EC0-301F-11D3-BF4B-00C04F79EFBC}") = "Basket.API", "src\Basket\Basket.API\Basket.API.csproj", "{2052153F-4584-4077-BDFC-60E92F7C222F}"
EndProject
Global
	GlobalSection(SolutionConfigurationPlatforms) = preSolution
		Debug|Any CPU = Debug|Any CPU
		Release|Any CPU = Release|Any CPU
	EndGlobalSection
	GlobalSection(ProjectConfigurationPlatforms) = postSolution
		{438A70C4-1E3F-459F-9599-754DA31E0599}.Debug|Any CPU.ActiveCfg = Debug|Any CPU
		{438A70C4-1E3F-459F-9599-754DA31E0599}.Debug|Any CPU.Build.0 = Debug|Any CPU
		{438A70C4-1E3F-459F-9599-754DA31E0599}.Release|Any CPU.ActiveCfg = Release|Any CPU
		{438A70C4-1E3F-459F-9599-754DA31E0599}.Release|Any CPU.Build.0 = Release|Any CPU
		{425142EE-5591-4599-AFDD-3206E0153D16}.Debug|Any CPU.ActiveCfg = Debug|Any CPU
		{425142EE-5591-4599-AFDD-3206E0153D16}.Debug|Any CPU.Build.0 = Debug|Any CPU
		{425142EE-5591-4599-AFDD-3206E0153D16}.Release|Any CPU.ActiveCfg = Release|Any CPU
		{425142EE-5591-4599-AFDD-3206E0153D16}.Release|Any CPU.Build.0 = Release|Any CPU
		{2052153F-4584-4077-BDFC-60E92F7C222F}.Debug|Any CPU.ActiveCfg = Debug|Any CPU
		{2052153F-4584-4077-BDFC-60E92F7C222F}.Debug|Any CPU.Build.0 = Debug|Any CPU
		{2052153F-4584-4077-BDFC-60E92F7C222F}.Release|Any CPU.ActiveCfg = Release|Any CPU
		{2052153F-4584-4077-BDFC-60E92F7C222F}.Release|Any CPU.Build.0 = Release|Any CPU
	EndGlobalSection
	GlobalSection(SolutionProperties) = preSolution
		HideSolutionNode = FALSE
	EndGlobalSection
	GlobalSection(NestedProjects) = preSolution
		{B407A35B-CFFD-4981-8964-FCC2C1903FE9} = {17B9C7A8-D9FD-4379-989F-E53DFEBE216F}
		{438A70C4-1E3F-459F-9599-754DA31E0599} = {B407A35B-CFFD-4981-8964-FCC2C1903FE9}
		{010086F0-9990-4FC6-B1B6-D7DBAB7335E7} = {17B9C7A8-D9FD-4379-989F-E53DFEBE216F}
		{2052153F-4584-4077-BDFC-60E92F7C222F} = {010086F0-9990-4FC6-B1B6-D7DBAB7335E7}
	EndGlobalSection
	GlobalSection(ExtensibilityGlobals) = postSolution
		SolutionGuid = {373A3A8E-C37F-4AF5-99B9-0798A21A2B30}
	EndGlobalSection
EndGlobal
